
Microsoft Visual Studio Solution File, Format Version 12.00
# Visual Studio Version 17
VisualStudioVersion = 17.4.33122.133
MinimumVisualStudioVersion = 10.0.40219.1
Project("{FAE04EC0-301F-11D3-BF4B-00C04F79EFBC}") = "EB_AT_CMD", "EB_Bluetooth_temperature_and_battery_level\EB_AT_CMD.csproj", "{7436E409-8EB3-4A8A-A8E2-1F0D2F1F4175}"
EndProject
Global
	GlobalSection(SolutionConfigurationPlatforms) = preSolution
		Debug|Any CPU = Debug|Any CPU
		Release|Any CPU = Release|Any CPU
	EndGlobalSection
	GlobalSection(ProjectConfigurationPlatforms) = postSolution
		{7436E409-8EB3-4A8A-A8E2-1F0D2F1F4175}.Debug|Any CPU.ActiveCfg = Debug|Any CPU
		{7436E409-8EB3-4A8A-A8E2-1F0D2F1F4175}.Debug|Any CPU.Build.0 = Debug|Any CPU
		{7436E409-8EB3-4A8A-A8E2-1F0D2F1F4175}.Release|Any CPU.ActiveCfg = Release|Any CPU
		{7436E409-8EB3-4A8A-A8E2-1F0D2F1F4175}.Release|Any CPU.Build.0 = Release|Any CPU
	EndGlobalSection
	GlobalSection(SolutionProperties) = preSolution
		HideSolutionNode = FALSE
	EndGlobalSection
	GlobalSection(ExtensibilityGlobals) = postSolution
		SolutionGuid = {9362A94F-9BD3-408F-AAB7-6ADB4235EAC7}
	EndGlobalSection
EndGlobal
